{
  "lockfile_version": "1",
  "packages": {
    "gcc@latest": {
      "last_modified": "2024-09-12T11:58:09Z",
      "resolved": "github:NixOS/nixpkgs/280db3decab4cbeb22a4599bd472229ab74d25e1#gcc14",
      "source": "devbox-search",
      "version": "14.2.0",
      "systems": {
        "aarch64-darwin": {
          "outputs": [
            {
              "name": "out",
              "path": "/nix/store/d2ddsj3yf44iwxs7jz1rd3dx89sqdsv3-gcc-wrapper-14.2.0",
              "default": true
            },
            {
              "name": "man",
              "path": "/nix/store/n9cpkykn9bwf8hapikkl7bkdjyc1y5qw-gcc-wrapper-14.2.0-man",
              "default": true
            },
            {
              "name": "info",
              "path": "/nix/store/b8kf4i2jj9xxn354kd9lymkdbvg4bfv1-gcc-wrapper-14.2.0-info"
            }
          ],
          "store_path": "/nix/store/d2ddsj3yf44iwxs7jz1rd3dx89sqdsv3-gcc-wrapper-14.2.0"
        },
        "aarch64-linux": {
          "outputs": [
            {
              "name": "out",
              "path": "/nix/store/55gmv31g2d3ki6k8jf161386x7y4yq4c-gcc-wrapper-14.2.0",
              "default": true
            },
            {
              "name": "man",
              "path": "/nix/store/6bm11ylcx5dai08zqpd27j8pr4hgr3yb-gcc-wrapper-14.2.0-man",
              "default": true
            },
            {
              "name": "info",
              "path": "/nix/store/x3bxy5ma2c60zmi7v8969l844azdkw6i-gcc-wrapper-14.2.0-info"
            }
          ],
          "store_path": "/nix/store/55gmv31g2d3ki6k8jf161386x7y4yq4c-gcc-wrapper-14.2.0"
        },
        "x86_64-darwin": {
          "outputs": [
            {
              "name": "out",
              "path": "/nix/store/yjwfyxiqx33l2lvq87472h765iqmmv6f-gcc-wrapper-14.2.0",
              "default": true
            },
            {
              "name": "man",
              "path": "/nix/store/v9wis2fjj18r5khjrkyjhjq9vg17cmyv-gcc-wrapper-14.2.0-man",
              "default": true
            },
            {
              "name": "info",
              "path": "/nix/store/wbvv0fgy0gmjdbm6ksi7ikz60sc95ijh-gcc-wrapper-14.2.0-info"
            }
          ],
          "store_path": "/nix/store/yjwfyxiqx33l2lvq87472h765iqmmv6f-gcc-wrapper-14.2.0"
        },
        "x86_64-linux": {
          "outputs": [
            {
              "name": "out",
              "path": "/nix/store/30qwwi3p08540kpk3gjhk61sw4hsfph7-gcc-wrapper-14.2.0",
              "default": true
            },
            {
              "name": "man",
              "path": "/nix/store/kln5g1ml2xb5dzays11n58hcrwbjg3cz-gcc-wrapper-14.2.0-man",
              "default": true
            },
            {
              "name": "info",
              "path": "/nix/store/vzn2z8m1hbsqsgr6fd877zn2qhg18ggs-gcc-wrapper-14.2.0-info"
            }
          ],
          "store_path": "/nix/store/30qwwi3p08540kpk3gjhk61sw4hsfph7-gcc-wrapper-14.2.0"
        }
      }
    },
    "git@latest": {
      "last_modified": "2024-09-12T11:58:09Z",
      "resolved": "github:NixOS/nixpkgs/280db3decab4cbeb22a4599bd472229ab74d25e1#git",
      "source": "devbox-search",
      "version": "2.46.0",
      "systems": {
        "aarch64-darwin": {
          "outputs": [
            {
              "name": "out",
              "path": "/nix/store/msgwpjsr2607nmlm4f0klc60m7vyp2ls-git-2.46.0",
              "default": true
            },
            {
              "name": "doc",
              "path": "/nix/store/ycx57sa7dfrs9z1gq0sk1ai29ib9hvhl-git-2.46.0-doc"
            }
          ],
          "store_path": "/nix/store/msgwpjsr2607nmlm4f0klc60m7vyp2ls-git-2.46.0"
        },
        "aarch64-linux": {
          "outputs": [
            {
              "name": "out",
              "path": "/nix/store/lgr3n0573wi478bj456zggh541wjrbiw-git-2.46.0",
              "default": true
            },
            {
              "name": "debug",
              "path": "/nix/store/v6r2pdpiwn62yhjp489gjkqhz6yn8zl5-git-2.46.0-debug"
            },
            {
              "name": "doc",
              "path": "/nix/store/5aiq8j373y5k9dh1p98zlic3n5f5ycnq-git-2.46.0-doc"
            }
          ],
          "store_path": "/nix/store/lgr3n0573wi478bj456zggh541wjrbiw-git-2.46.0"
        },
        "x86_64-darwin": {
          "outputs": [
            {
              "name": "out",
              "path": "/nix/store/lfb5ngmzsmnbqw41wm11i7hjnrkii7ic-git-2.46.0",
              "default": true
            },
            {
              "name": "doc",
              "path": "/nix/store/kcgzncw4plawrs6fw524dprbscqdl78n-git-2.46.0-doc"
            }
          ],
          "store_path": "/nix/store/lfb5ngmzsmnbqw41wm11i7hjnrkii7ic-git-2.46.0"
        },
        "x86_64-linux": {
          "outputs": [
            {
              "name": "out",
              "path": "/nix/store/0l63mqr7qx1asjxfz86j4zbs4758gn98-git-2.46.0",
              "default": true
            },
            {
              "name": "doc",
              "path": "/nix/store/5r0irlcap11p8wqbdiy9fz1y3pk1mn4n-git-2.46.0-doc"
            },
            {
              "name": "debug",
              "path": "/nix/store/x1g0dhpqg1fi4dz20lp2i2h759bdkark-git-2.46.0-debug"
            }
          ],
          "store_path": "/nix/store/0l63mqr7qx1asjxfz86j4zbs4758gn98-git-2.46.0"
        }
      }
    },
    "go-task@latest": {
      "last_modified": "2024-09-12T11:58:09Z",
      "resolved": "github:NixOS/nixpkgs/280db3decab4cbeb22a4599bd472229ab74d25e1#go-task",
      "source": "devbox-search",
      "version": "3.38.0",
      "systems": {
        "aarch64-darwin": {
          "outputs": [
            {
              "name": "out",
              "path": "/nix/store/6fnjga1f6y9yw0xfa7bqq48mk4wnwj60-go-task-3.38.0",
              "default": true
            }
          ],
          "store_path": "/nix/store/6fnjga1f6y9yw0xfa7bqq48mk4wnwj60-go-task-3.38.0"
        },
        "aarch64-linux": {
          "outputs": [
            {
              "name": "out",
              "path": "/nix/store/y00rivpjziw0zpzacdxjmrs5i28d7grf-go-task-3.38.0",
              "default": true
            }
          ],
          "store_path": "/nix/store/y00rivpjziw0zpzacdxjmrs5i28d7grf-go-task-3.38.0"
        },
        "x86_64-darwin": {
          "outputs": [
            {
              "name": "out",
              "path": "/nix/store/kc0zm9kgsraznqyns5jqv0dixfgk6fm7-go-task-3.38.0",
              "default": true
            }
          ],
          "store_path": "/nix/store/kc0zm9kgsraznqyns5jqv0dixfgk6fm7-go-task-3.38.0"
        },
        "x86_64-linux": {
          "outputs": [
            {
              "name": "out",
              "path": "/nix/store/6fya93gcf8sla6npxp99rnbvyj6pmnr5-go-task-3.38.0",
              "default": true
            }
          ],
          "store_path": "/nix/store/6fya93gcf8sla6npxp99rnbvyj6pmnr5-go-task-3.38.0"
        }
      }
    },
    "libyaml@latest": {
      "last_modified": "2024-09-12T11:58:09Z",
      "resolved": "github:NixOS/nixpkgs/280db3decab4cbeb22a4599bd472229ab74d25e1#libyaml",
      "source": "devbox-search",
      "version": "0.2.5",
      "systems": {
        "aarch64-darwin": {
          "outputs": [
            {
              "name": "out",
              "path": "/nix/store/lmwh3fc9z9382qwwj9pj0y55naapv4yf-libyaml-0.2.5",
              "default": true
            },
            {
              "name": "dev",
              "path": "/nix/store/k5xlga8b3hc9xvj8l6igi4wlk532syws-libyaml-0.2.5-dev"
            }
          ],
          "store_path": "/nix/store/lmwh3fc9z9382qwwj9pj0y55naapv4yf-libyaml-0.2.5"
        },
        "aarch64-linux": {
          "outputs": [
            {
              "name": "out",
              "path": "/nix/store/2xf314q3n33493d963c4m646nnkcv026-libyaml-0.2.5",
              "default": true
            },
            {
              "name": "dev",
              "path": "/nix/store/fhxpldxr4piis86ma8161wcqzs31kqic-libyaml-0.2.5-dev"
            }
          ],
          "store_path": "/nix/store/2xf314q3n33493d963c4m646nnkcv026-libyaml-0.2.5"
        },
        "x86_64-darwin": {
          "outputs": [
            {
              "name": "out",
              "path": "/nix/store/7nrrvxna05p15qjs0rdyjqj5zw0dxn7q-libyaml-0.2.5",
              "default": true
            },
            {
              "name": "dev",
              "path": "/nix/store/n7xkfrqhf0h7jbxqp41fyljz2a02qr3h-libyaml-0.2.5-dev"
            }
          ],
          "store_path": "/nix/store/7nrrvxna05p15qjs0rdyjqj5zw0dxn7q-libyaml-0.2.5"
        },
        "x86_64-linux": {
          "outputs": [
            {
              "name": "out",
              "path": "/nix/store/2gfiicnrzd9kygp7sng8fnj7zb4pkdwy-libyaml-0.2.5",
              "default": true
            },
            {
              "name": "dev",
              "path": "/nix/store/mck7jvcy6hsbca9nq72svalmvq0zm7jz-libyaml-0.2.5-dev"
            }
          ],
          "store_path": "/nix/store/2gfiicnrzd9kygp7sng8fnj7zb4pkdwy-libyaml-0.2.5"
        }
      }
    },
    "postgresql_16@latest": {
      "last_modified": "2024-08-02T23:16:43Z",
      "plugin_version": "0.0.2",
      "resolved": "github:NixOS/nixpkgs/81610abc161d4021b29199aa464d6a1a521e0cc9#postgresql_16",
      "source": "devbox-search",
      "version": "16.3",
      "systems": {
        "aarch64-darwin": {
          "outputs": [
            {
              "name": "out",
              "path": "/nix/store/c66z05pixp2gdllj0vbjxki03y4r63nf-postgresql-16.3",
              "default": true
            },
            {
              "name": "man",
              "path": "/nix/store/g7299mah9s3y1xwvy38hyjg7b1nxayr3-postgresql-16.3-man",
              "default": true
            },
            {
              "name": "doc",
              "path": "/nix/store/n4c12fs0rpwzqpwzxrawn0wpmynmzp1p-postgresql-16.3-doc"
            },
            {
              "name": "lib",
              "path": "/nix/store/gyhxlcbz5sr9mjsa4xpxy4lhnn5ypdg3-postgresql-16.3-lib"
            }
          ],
          "store_path": "/nix/store/c66z05pixp2gdllj0vbjxki03y4r63nf-postgresql-16.3"
        },
        "aarch64-linux": {
          "outputs": [
            {
              "name": "out",
              "path": "/nix/store/xgxn6x8czyg2snk5zr0pmxcj2fvd3i74-postgresql-16.3",
              "default": true
            },
            {
              "name": "man",
              "path": "/nix/store/v7n89dk9fwmq51swc9wcyhf08fx14irq-postgresql-16.3-man",
              "default": true
            },
            {
              "name": "debug",
              "path": "/nix/store/4fq2j1n68ijx4c5100ccrfr7xnvn3pa4-postgresql-16.3-debug"
            },
            {
              "name": "doc",
              "path": "/nix/store/phd48smi19g97zidnwz7mc6dp9ccqffd-postgresql-16.3-doc"
            },
            {
              "name": "lib",
              "path": "/nix/store/sfqwzgsbdqxm86s5hpn6s44rir2jck2n-postgresql-16.3-lib"
            }
          ],
          "store_path": "/nix/store/xgxn6x8czyg2snk5zr0pmxcj2fvd3i74-postgresql-16.3"
        },
        "x86_64-darwin": {
          "outputs": [
            {
              "name": "out",
              "path": "/nix/store/wc8ljgp8i4xy3h7nbng5zbqhmsycxq2r-postgresql-16.3",
              "default": true
            },
            {
              "name": "man",
              "path": "/nix/store/ddrxjv1kya1324yddr49zdagh6xnvpk3-postgresql-16.3-man",
              "default": true
            },
            {
              "name": "lib",
              "path": "/nix/store/ycsms6g71893ylrrdw6v3dc6q39d3bwh-postgresql-16.3-lib"
            },
            {
              "name": "doc",
              "path": "/nix/store/kxsglsjkb66am3x4kvz27l3qhnl7fyrw-postgresql-16.3-doc"
            }
          ],
          "store_path": "/nix/store/wc8ljgp8i4xy3h7nbng5zbqhmsycxq2r-postgresql-16.3"
        },
        "x86_64-linux": {
          "outputs": [
            {
              "name": "out",
              "path": "/nix/store/w21l2dnc8xqvynv067zkn4w53sa2kaqd-postgresql-16.3",
              "default": true
            },
            {
              "name": "man",
              "path": "/nix/store/7nl9z2dlmrwcz3nwq1nyfsi84zr62rv0-postgresql-16.3-man",
              "default": true
            },
            {
              "name": "doc",
              "path": "/nix/store/i5h9jmckcy71jfngjlcf3fndkjx5asm0-postgresql-16.3-doc"
            },
            {
              "name": "lib",
              "path": "/nix/store/dz06p09qyj4d8hpldv3i2s015wi3q709-postgresql-16.3-lib"
            },
            {
              "name": "debug",
              "path": "/nix/store/valjjpr7yvzhqynwm0y8p3rrs374fkvj-postgresql-16.3-debug"
            }
          ],
          "store_path": "/nix/store/w21l2dnc8xqvynv067zkn4w53sa2kaqd-postgresql-16.3"
        }
      }
    },
    "ruby@3.3.4": {
      "last_modified": "2024-09-12T11:58:09Z",
      "plugin_version": "0.0.2",
      "resolved": "github:NixOS/nixpkgs/280db3decab4cbeb22a4599bd472229ab74d25e1#ruby",
      "source": "devbox-search",
      "version": "3.3.4",
      "systems": {
        "aarch64-darwin": {
          "outputs": [
            {
              "name": "out",
              "path": "/nix/store/zsngi7cq7asxc6kb0lcmbyydasfrmai6-ruby-3.3.4",
              "default": true
            },
            {
              "name": "devdoc",
              "path": "/nix/store/c0zmjmfw5pp00slwy842bd8zzy74pava-ruby-3.3.4-devdoc"
            }
          ],
          "store_path": "/nix/store/zsngi7cq7asxc6kb0lcmbyydasfrmai6-ruby-3.3.4"
        },
        "aarch64-linux": {
          "outputs": [
            {
              "name": "out",
              "path": "/nix/store/8vri7d6b75gspvnfrdpqnagfi5bbvis9-ruby-3.3.4",
              "default": true
            },
            {
              "name": "devdoc",
              "path": "/nix/store/bfrwr1n6pxd3hz31h589j317g290p0r5-ruby-3.3.4-devdoc"
            }
          ],
          "store_path": "/nix/store/8vri7d6b75gspvnfrdpqnagfi5bbvis9-ruby-3.3.4"
        },
        "x86_64-darwin": {
          "outputs": [
            {
              "name": "out",
              "path": "/nix/store/hksac0axpx3savrgmy75rid3smv0d9nj-ruby-3.3.4",
              "default": true
            },
            {
              "name": "devdoc",
              "path": "/nix/store/3564jxjgp9dk8vzjwb7i3fpzkpw74z3m-ruby-3.3.4-devdoc"
            }
          ],
          "store_path": "/nix/store/hksac0axpx3savrgmy75rid3smv0d9nj-ruby-3.3.4"
        },
        "x86_64-linux": {
          "outputs": [
            {
              "name": "out",
              "path": "/nix/store/2vg3asd3rmhng3wqvp781a1q5dhrr4yn-ruby-3.3.4",
              "default": true
            },
            {
              "name": "devdoc",
              "path": "/nix/store/2vgrf69lcz8ipawxipza3w7gsqdnbbnk-ruby-3.3.4-devdoc"
            }
          ],
          "store_path": "/nix/store/2vg3asd3rmhng3wqvp781a1q5dhrr4yn-ruby-3.3.4"
        }
      }
    },
    "yq@latest": {
      "last_modified": "2024-09-12T11:58:09Z",
      "resolved": "github:NixOS/nixpkgs/280db3decab4cbeb22a4599bd472229ab74d25e1#yq",
      "source": "devbox-search",
      "version": "3.4.3",
      "systems": {
        "aarch64-darwin": {
          "outputs": [
            {
              "name": "out",
              "path": "/nix/store/hl5g3gc6qx78nvim11hgsw3nl3qwwyw0-python3.12-yq-3.4.3",
              "default": true
            },
            {
              "name": "dist",
              "path": "/nix/store/6b6xp4vyb8v2fah2lq5fdvx872wvr1d9-python3.12-yq-3.4.3-dist"
            }
          ],
          "store_path": "/nix/store/hl5g3gc6qx78nvim11hgsw3nl3qwwyw0-python3.12-yq-3.4.3"
        },
        "aarch64-linux": {
          "outputs": [
            {
              "name": "out",
              "path": "/nix/store/6bc60iy6qlq78dsdr7nj6jaf269lrhz0-python3.12-yq-3.4.3",
              "default": true
            },
            {
              "name": "dist",
              "path": "/nix/store/5ynx8jbcdy2v76923k4x2mrcx9y8044p-python3.12-yq-3.4.3-dist"
            }
          ],
          "store_path": "/nix/store/6bc60iy6qlq78dsdr7nj6jaf269lrhz0-python3.12-yq-3.4.3"
        },
        "x86_64-darwin": {
          "outputs": [
            {
              "name": "out",
              "path": "/nix/store/cqhwh61i3b4wjk3cn6g1z4vd340y0gk8-python3.12-yq-3.4.3",
              "default": true
            },
            {
              "name": "dist",
              "path": "/nix/store/j76ssdm3r1fix3m4pxkw364rxr5ri8lc-python3.12-yq-3.4.3-dist"
            }
          ],
          "store_path": "/nix/store/cqhwh61i3b4wjk3cn6g1z4vd340y0gk8-python3.12-yq-3.4.3"
        },
        "x86_64-linux": {
          "outputs": [
            {
              "name": "out",
              "path": "/nix/store/qw0gdmgwkm7v2l7r431xggqs4zqa9yd8-python3.12-yq-3.4.3",
              "default": true
            },
            {
              "name": "dist",
              "path": "/nix/store/y8c7mwlnp043r7pzs4k2ss8g10gqk2b6-python3.12-yq-3.4.3-dist"
            }
          ],
          "store_path": "/nix/store/qw0gdmgwkm7v2l7r431xggqs4zqa9yd8-python3.12-yq-3.4.3"
        }
      }
    }
  }
}
