{
  "lockfile_version": "1",
  "packages": {
    "gcc@latest": {
      "last_modified": "2024-10-13T23:44:06Z",
      "resolved": "github:NixOS/nixpkgs/d4f247e89f6e10120f911e2e2d2254a050d0f732#gcc14",
      "source": "devbox-search",
      "version": "14.2.0",
      "systems": {
        "aarch64-darwin": {
          "outputs": [
            {
              "name": "out",
              "path": "/nix/store/i7xyzzqixlsyq6dagdldkdflps0d4lw9-gcc-wrapper-14.2.0",
              "default": true
            },
            {
              "name": "man",
              "path": "/nix/store/g2sls67kga8y4vb6097kpdb3zpmqdxpy-gcc-wrapper-14.2.0-man",
              "default": true
            },
            {
              "name": "info",
              "path": "/nix/store/d85ya5fs8z8kyydq2dawhxpx85kpxlyq-gcc-wrapper-14.2.0-info"
            }
          ],
          "store_path": "/nix/store/i7xyzzqixlsyq6dagdldkdflps0d4lw9-gcc-wrapper-14.2.0"
        },
        "aarch64-linux": {
          "outputs": [
            {
              "name": "out",
              "path": "/nix/store/91w4jfrvvvnwiy8h5vvwl5ki1miysp0m-gcc-wrapper-14.2.0",
              "default": true
            },
            {
              "name": "man",
              "path": "/nix/store/n128szf2n94kbdw498x554gnqk62mggi-gcc-wrapper-14.2.0-man",
              "default": true
            },
            {
              "name": "info",
              "path": "/nix/store/jk5p5xjpxlc0w06mcfm6apqvaasa4y6j-gcc-wrapper-14.2.0-info"
            }
          ],
          "store_path": "/nix/store/91w4jfrvvvnwiy8h5vvwl5ki1miysp0m-gcc-wrapper-14.2.0"
        },
        "x86_64-darwin": {
          "outputs": [
            {
              "name": "out",
              "path": "/nix/store/ax2r7y06m9inrnwr2vh4qla9wf5nyl5s-gcc-wrapper-14.2.0",
              "default": true
            },
            {
              "name": "man",
              "path": "/nix/store/1mglmkihmxlnyx68hnnlfd95pp7ljihx-gcc-wrapper-14.2.0-man",
              "default": true
            },
            {
              "name": "info",
              "path": "/nix/store/dmm3vkf6f8vnlb3q0l3p5g8lrbj8dwyq-gcc-wrapper-14.2.0-info"
            }
          ],
          "store_path": "/nix/store/ax2r7y06m9inrnwr2vh4qla9wf5nyl5s-gcc-wrapper-14.2.0"
        },
        "x86_64-linux": {
          "outputs": [
            {
              "name": "out",
              "path": "/nix/store/wc33h9gzwcb1z68m4jvyilpp99pvr82x-gcc-wrapper-14.2.0",
              "default": true
            },
            {
              "name": "man",
              "path": "/nix/store/flv3pqxd5p5wd0xhd8afqan2iqj9b5q1-gcc-wrapper-14.2.0-man",
              "default": true
            },
            {
              "name": "info",
              "path": "/nix/store/siwbfhvqra6p787j77r0wrs16gr5i4n9-gcc-wrapper-14.2.0-info"
            }
          ],
          "store_path": "/nix/store/wc33h9gzwcb1z68m4jvyilpp99pvr82x-gcc-wrapper-14.2.0"
        }
      }
    },
    "git@latest": {
      "last_modified": "2024-10-13T23:44:06Z",
      "resolved": "github:NixOS/nixpkgs/d4f247e89f6e10120f911e2e2d2254a050d0f732#git",
      "source": "devbox-search",
      "version": "2.46.1",
      "systems": {
        "aarch64-darwin": {
          "outputs": [
            {
              "name": "out",
              "path": "/nix/store/fzsjyd9wxiymv5j38f1igk99660hi4vl-git-2.46.1",
              "default": true
            },
            {
              "name": "doc",
              "path": "/nix/store/9i3j85b675c29xwmyg7bvaxs2jbqn4gx-git-2.46.1-doc"
            }
          ],
          "store_path": "/nix/store/fzsjyd9wxiymv5j38f1igk99660hi4vl-git-2.46.1"
        },
        "aarch64-linux": {
          "outputs": [
            {
              "name": "out",
              "path": "/nix/store/qmdn10127g14bb1v5h5qpckcm6n9m8ms-git-2.46.1",
              "default": true
            },
            {
              "name": "debug",
              "path": "/nix/store/qgm6gdx0ic216alm4kl7lyyd5k74gn1p-git-2.46.1-debug"
            },
            {
              "name": "doc",
              "path": "/nix/store/ngyj5imnlagsj5avqgc3f65iz9pffqjm-git-2.46.1-doc"
            }
          ],
          "store_path": "/nix/store/qmdn10127g14bb1v5h5qpckcm6n9m8ms-git-2.46.1"
        },
        "x86_64-darwin": {
          "outputs": [
            {
              "name": "out",
              "path": "/nix/store/n4s67bnpyvxqj51fhj57gxn7f8n1v6wk-git-2.46.1",
              "default": true
            },
            {
              "name": "doc",
              "path": "/nix/store/vhiqrx6ka20krpi255vk99iac98zr3sb-git-2.46.1-doc"
            }
          ],
          "store_path": "/nix/store/n4s67bnpyvxqj51fhj57gxn7f8n1v6wk-git-2.46.1"
        },
        "x86_64-linux": {
          "outputs": [
            {
              "name": "out",
              "path": "/nix/store/zmmhkn7ndfskwk2mfqn9nzmv9y699lms-git-2.46.1",
              "default": true
            },
            {
              "name": "debug",
              "path": "/nix/store/n5i11ch2x778v95wnbg56mlc9rc8xsjn-git-2.46.1-debug"
            },
            {
              "name": "doc",
              "path": "/nix/store/9xdnzfl42isjgsn1mnxyjdmspakf8ayi-git-2.46.1-doc"
            }
          ],
          "store_path": "/nix/store/zmmhkn7ndfskwk2mfqn9nzmv9y699lms-git-2.46.1"
        }
      }
    },
    "go-task@latest": {
      "last_modified": "2024-10-13T23:44:06Z",
      "resolved": "github:NixOS/nixpkgs/d4f247e89f6e10120f911e2e2d2254a050d0f732#go-task",
      "source": "devbox-search",
      "version": "3.39.2",
      "systems": {
        "aarch64-darwin": {
          "outputs": [
            {
              "name": "out",
              "path": "/nix/store/aqcr7jv0m2s8nz481ay310i0dh4mbj48-go-task-3.39.2",
              "default": true
            }
          ],
          "store_path": "/nix/store/aqcr7jv0m2s8nz481ay310i0dh4mbj48-go-task-3.39.2"
        },
        "aarch64-linux": {
          "outputs": [
            {
              "name": "out",
              "path": "/nix/store/08haalp24y68v0krddls5c18hcl6n80p-go-task-3.39.2",
              "default": true
            }
          ],
          "store_path": "/nix/store/08haalp24y68v0krddls5c18hcl6n80p-go-task-3.39.2"
        },
        "x86_64-darwin": {
          "outputs": [
            {
              "name": "out",
              "path": "/nix/store/n6qmzm7h0vdj87qz3bfay17cfrhm3bki-go-task-3.39.2",
              "default": true
            }
          ],
          "store_path": "/nix/store/n6qmzm7h0vdj87qz3bfay17cfrhm3bki-go-task-3.39.2"
        },
        "x86_64-linux": {
          "outputs": [
            {
              "name": "out",
              "path": "/nix/store/sxlbgmc56mkv64rn772rczpin8vjn6lp-go-task-3.39.2",
              "default": true
            }
          ],
          "store_path": "/nix/store/sxlbgmc56mkv64rn772rczpin8vjn6lp-go-task-3.39.2"
        }
      }
    },
    "go@latest": {
      "last_modified": "2024-11-03T14:18:04Z",
      "resolved": "github:NixOS/nixpkgs/4ae2e647537bcdbb82265469442713d066675275#go",
      "source": "devbox-search",
      "version": "1.23.2",
      "systems": {
        "aarch64-darwin": {
          "outputs": [
            {
              "name": "out",
              "path": "/nix/store/sc8n76lwg70fxcwnkxhqqfvfpvclqijy-go-1.23.2",
              "default": true
            }
          ],
          "store_path": "/nix/store/sc8n76lwg70fxcwnkxhqqfvfpvclqijy-go-1.23.2"
        },
        "aarch64-linux": {
          "outputs": [
            {
              "name": "out",
              "path": "/nix/store/hrhmssn2q67hlc2f43xxwk02h9kqbzhw-go-1.23.2",
              "default": true
            }
          ],
          "store_path": "/nix/store/hrhmssn2q67hlc2f43xxwk02h9kqbzhw-go-1.23.2"
        },
        "x86_64-darwin": {
          "outputs": [
            {
              "name": "out",
              "path": "/nix/store/akm89yc1ysajwi50glv4jmw2k80g8xdj-go-1.23.2",
              "default": true
            }
          ],
          "store_path": "/nix/store/akm89yc1ysajwi50glv4jmw2k80g8xdj-go-1.23.2"
        },
        "x86_64-linux": {
          "outputs": [
            {
              "name": "out",
              "path": "/nix/store/jyhpd4hgq672bm4m4s1r25zm1bx8vd44-go-1.23.2",
              "default": true
            }
          ],
          "store_path": "/nix/store/jyhpd4hgq672bm4m4s1r25zm1bx8vd44-go-1.23.2"
        }
      }
    },
    "libyaml@latest": {
      "last_modified": "2024-10-13T23:44:06Z",
      "resolved": "github:NixOS/nixpkgs/d4f247e89f6e10120f911e2e2d2254a050d0f732#libyaml",
      "source": "devbox-search",
      "version": "0.2.5",
      "systems": {
        "aarch64-darwin": {
          "outputs": [
            {
              "name": "out",
              "path": "/nix/store/9nkvpj223m5zw9avc356g6v2x2sfyfdw-libyaml-0.2.5",
              "default": true
            },
            {
              "name": "dev",
              "path": "/nix/store/ginzn1fd0kfdm6fw0k34h7n1wgjmriy4-libyaml-0.2.5-dev"
            }
          ],
          "store_path": "/nix/store/9nkvpj223m5zw9avc356g6v2x2sfyfdw-libyaml-0.2.5"
        },
        "aarch64-linux": {
          "outputs": [
            {
              "name": "out",
              "path": "/nix/store/0bq1smq3zhrpaiwklljvpdgcqwdb2bfn-libyaml-0.2.5",
              "default": true
            },
            {
              "name": "dev",
              "path": "/nix/store/423m2mmkfc0491xdcazfrri838s6xwk9-libyaml-0.2.5-dev"
            }
          ],
          "store_path": "/nix/store/0bq1smq3zhrpaiwklljvpdgcqwdb2bfn-libyaml-0.2.5"
        },
        "x86_64-darwin": {
          "outputs": [
            {
              "name": "out",
              "path": "/nix/store/28gd4432gd5s745vryipjyfd9yprzjxm-libyaml-0.2.5",
              "default": true
            },
            {
              "name": "dev",
              "path": "/nix/store/10kg13hc81a94c8qpxrlqjknz3bd312q-libyaml-0.2.5-dev"
            }
          ],
          "store_path": "/nix/store/28gd4432gd5s745vryipjyfd9yprzjxm-libyaml-0.2.5"
        },
        "x86_64-linux": {
          "outputs": [
            {
              "name": "out",
              "path": "/nix/store/9l1n5mx5v4yw37w1zsip16mab61bavf1-libyaml-0.2.5",
              "default": true
            },
            {
              "name": "dev",
              "path": "/nix/store/h31pfg8j5whi4983gfk146gpgbncmj8h-libyaml-0.2.5-dev"
            }
          ],
          "store_path": "/nix/store/9l1n5mx5v4yw37w1zsip16mab61bavf1-libyaml-0.2.5"
        }
      }
    },
    "postgresql_16@latest": {
      "last_modified": "2024-08-13T00:39:45Z",
      "plugin_version": "0.0.2",
      "resolved": "github:NixOS/nixpkgs/60dfaff009e440faefbaeb20d8dda3239ba4a439#postgresql_16",
      "source": "devbox-search",
      "version": "16.3",
      "systems": {
        "aarch64-darwin": {
          "outputs": [
            {
              "name": "out",
              "path": "/nix/store/c66z05pixp2gdllj0vbjxki03y4r63nf-postgresql-16.3",
              "default": true
            },
            {
              "name": "man",
              "path": "/nix/store/g7299mah9s3y1xwvy38hyjg7b1nxayr3-postgresql-16.3-man",
              "default": true
            },
            {
              "name": "doc",
              "path": "/nix/store/n4c12fs0rpwzqpwzxrawn0wpmynmzp1p-postgresql-16.3-doc"
            },
            {
              "name": "lib",
              "path": "/nix/store/gyhxlcbz5sr9mjsa4xpxy4lhnn5ypdg3-postgresql-16.3-lib"
            }
          ],
          "store_path": "/nix/store/c66z05pixp2gdllj0vbjxki03y4r63nf-postgresql-16.3"
        },
        "aarch64-linux": {
          "outputs": [
            {
              "name": "out",
              "path": "/nix/store/xgxn6x8czyg2snk5zr0pmxcj2fvd3i74-postgresql-16.3",
              "default": true
            },
            {
              "name": "man",
              "path": "/nix/store/v7n89dk9fwmq51swc9wcyhf08fx14irq-postgresql-16.3-man",
              "default": true
            },
            {
              "name": "doc",
              "path": "/nix/store/phd48smi19g97zidnwz7mc6dp9ccqffd-postgresql-16.3-doc"
            },
            {
              "name": "lib",
              "path": "/nix/store/sfqwzgsbdqxm86s5hpn6s44rir2jck2n-postgresql-16.3-lib"
            },
            {
              "name": "debug",
              "path": "/nix/store/4fq2j1n68ijx4c5100ccrfr7xnvn3pa4-postgresql-16.3-debug"
            }
          ],
          "store_path": "/nix/store/xgxn6x8czyg2snk5zr0pmxcj2fvd3i74-postgresql-16.3"
        },
        "x86_64-darwin": {
          "outputs": [
            {
              "name": "out",
              "path": "/nix/store/wc8ljgp8i4xy3h7nbng5zbqhmsycxq2r-postgresql-16.3",
              "default": true
            },
            {
              "name": "man",
              "path": "/nix/store/ddrxjv1kya1324yddr49zdagh6xnvpk3-postgresql-16.3-man",
              "default": true
            },
            {
              "name": "doc",
              "path": "/nix/store/kxsglsjkb66am3x4kvz27l3qhnl7fyrw-postgresql-16.3-doc"
            },
            {
              "name": "lib",
              "path": "/nix/store/ycsms6g71893ylrrdw6v3dc6q39d3bwh-postgresql-16.3-lib"
            }
          ],
          "store_path": "/nix/store/wc8ljgp8i4xy3h7nbng5zbqhmsycxq2r-postgresql-16.3"
        },
        "x86_64-linux": {
          "outputs": [
            {
              "name": "out",
              "path": "/nix/store/w21l2dnc8xqvynv067zkn4w53sa2kaqd-postgresql-16.3",
              "default": true
            },
            {
              "name": "man",
              "path": "/nix/store/7nl9z2dlmrwcz3nwq1nyfsi84zr62rv0-postgresql-16.3-man",
              "default": true
            },
            {
              "name": "debug",
              "path": "/nix/store/valjjpr7yvzhqynwm0y8p3rrs374fkvj-postgresql-16.3-debug"
            },
            {
              "name": "doc",
              "path": "/nix/store/i5h9jmckcy71jfngjlcf3fndkjx5asm0-postgresql-16.3-doc"
            },
            {
              "name": "lib",
              "path": "/nix/store/dz06p09qyj4d8hpldv3i2s015wi3q709-postgresql-16.3-lib"
            }
          ],
          "store_path": "/nix/store/w21l2dnc8xqvynv067zkn4w53sa2kaqd-postgresql-16.3"
        }
      }
    },
    "ruby@latest": {
      "last_modified": "2024-10-13T23:44:06Z",
      "plugin_version": "0.0.2",
      "resolved": "github:NixOS/nixpkgs/d4f247e89f6e10120f911e2e2d2254a050d0f732#ruby",
      "source": "devbox-search",
      "version": "3.3.5",
      "systems": {
        "aarch64-darwin": {
          "outputs": [
            {
              "name": "out",
              "path": "/nix/store/nwzyvr91mw3qhclgl3np1wxvy15gnxg1-ruby-3.3.5",
              "default": true
            },
            {
              "name": "devdoc",
              "path": "/nix/store/lp38x962sqfyccwgw9l471gcj3fl7x8j-ruby-3.3.5-devdoc"
            }
          ],
          "store_path": "/nix/store/nwzyvr91mw3qhclgl3np1wxvy15gnxg1-ruby-3.3.5"
        },
        "aarch64-linux": {
          "outputs": [
            {
              "name": "out",
              "path": "/nix/store/fmplm6zjnzd6a3dj8x5njv0z1wancnly-ruby-3.3.5",
              "default": true
            },
            {
              "name": "devdoc",
              "path": "/nix/store/8a93x441hj2v3qf6j2xh27vb601mwkzp-ruby-3.3.5-devdoc"
            }
          ],
          "store_path": "/nix/store/fmplm6zjnzd6a3dj8x5njv0z1wancnly-ruby-3.3.5"
        },
        "x86_64-darwin": {
          "outputs": [
            {
              "name": "out",
              "path": "/nix/store/m5mlcdfsayi8pcjffl4x7315s2bagd7r-ruby-3.3.5",
              "default": true
            },
            {
              "name": "devdoc",
              "path": "/nix/store/821g3j8yc6lbl3ar9zbzz681200paw3n-ruby-3.3.5-devdoc"
            }
          ],
          "store_path": "/nix/store/m5mlcdfsayi8pcjffl4x7315s2bagd7r-ruby-3.3.5"
        },
        "x86_64-linux": {
          "outputs": [
            {
              "name": "out",
              "path": "/nix/store/3f0km601raxi1vms013ahxnn0v92qn74-ruby-3.3.5",
              "default": true
            },
            {
              "name": "devdoc",
              "path": "/nix/store/dm34f3shbxf315xmvnfcvv884sg8rifs-ruby-3.3.5-devdoc"
            }
          ],
          "store_path": "/nix/store/3f0km601raxi1vms013ahxnn0v92qn74-ruby-3.3.5"
        }
      }
    },
    "shadowenv@latest": {
      "last_modified": "2024-11-03T14:18:04Z",
      "resolved": "github:NixOS/nixpkgs/4ae2e647537bcdbb82265469442713d066675275#shadowenv",
      "source": "devbox-search",
      "version": "2.1.2",
      "systems": {
        "aarch64-darwin": {
          "outputs": [
            {
              "name": "out",
              "path": "/nix/store/zxdx4krp5icvw4xmmi7kaja9lwwmnd56-shadowenv-2.1.2",
              "default": true
            }
          ],
          "store_path": "/nix/store/zxdx4krp5icvw4xmmi7kaja9lwwmnd56-shadowenv-2.1.2"
        },
        "aarch64-linux": {
          "outputs": [
            {
              "name": "out",
              "path": "/nix/store/f0wnxg2pgz37w8dkrg55znzjlncgg320-shadowenv-2.1.2",
              "default": true
            }
          ],
          "store_path": "/nix/store/f0wnxg2pgz37w8dkrg55znzjlncgg320-shadowenv-2.1.2"
        },
        "x86_64-darwin": {
          "outputs": [
            {
              "name": "out",
              "path": "/nix/store/madp7y7lcyyxx2zh08gxrpc0fkzz5xba-shadowenv-2.1.2",
              "default": true
            }
          ],
          "store_path": "/nix/store/madp7y7lcyyxx2zh08gxrpc0fkzz5xba-shadowenv-2.1.2"
        },
        "x86_64-linux": {
          "outputs": [
            {
              "name": "out",
              "path": "/nix/store/gjfiy42cjsw7q3sl7i5wlgf8ycbmlp7h-shadowenv-2.1.2",
              "default": true
            }
          ],
          "store_path": "/nix/store/gjfiy42cjsw7q3sl7i5wlgf8ycbmlp7h-shadowenv-2.1.2"
        }
      }
    },
    "yq@latest": {
      "last_modified": "2024-10-13T23:44:06Z",
      "resolved": "github:NixOS/nixpkgs/d4f247e89f6e10120f911e2e2d2254a050d0f732#yq",
      "source": "devbox-search",
      "version": "3.4.3",
      "systems": {
        "aarch64-darwin": {
          "outputs": [
            {
              "name": "out",
              "path": "/nix/store/x2hwfhcs7mcd3sslvkvraw32l3wjksw2-python3.12-yq-3.4.3",
              "default": true
            },
            {
              "name": "dist",
              "path": "/nix/store/07pjlp2d8k3ws8xd4gb73qa0zyrqbrgc-python3.12-yq-3.4.3-dist"
            }
          ],
          "store_path": "/nix/store/x2hwfhcs7mcd3sslvkvraw32l3wjksw2-python3.12-yq-3.4.3"
        },
        "aarch64-linux": {
          "outputs": [
            {
              "name": "out",
              "path": "/nix/store/w18zywvzwvsf5gyvs0hbbv3vlpq9zn6k-python3.12-yq-3.4.3",
              "default": true
            },
            {
              "name": "dist",
              "path": "/nix/store/80rj7bryam9ply2lc807wig2i778yy2m-python3.12-yq-3.4.3-dist"
            }
          ],
          "store_path": "/nix/store/w18zywvzwvsf5gyvs0hbbv3vlpq9zn6k-python3.12-yq-3.4.3"
        },
        "x86_64-darwin": {
          "outputs": [
            {
              "name": "out",
              "path": "/nix/store/vn88py90djs87phyxph5wl8jx0x8x1kx-python3.12-yq-3.4.3",
              "default": true
            },
            {
              "name": "dist",
              "path": "/nix/store/w3pa3icz1z5y38cw7k2d9m2rgr4dndii-python3.12-yq-3.4.3-dist"
            }
          ],
          "store_path": "/nix/store/vn88py90djs87phyxph5wl8jx0x8x1kx-python3.12-yq-3.4.3"
        },
        "x86_64-linux": {
          "outputs": [
            {
              "name": "out",
              "path": "/nix/store/w12z88s3ginj0rp2nyb67s7sy5wxmr0r-python3.12-yq-3.4.3",
              "default": true
            },
            {
              "name": "dist",
              "path": "/nix/store/k86d1c0bvmx9h4wp8dp4jgbd4s38d0ma-python3.12-yq-3.4.3-dist"
            }
          ],
          "store_path": "/nix/store/w12z88s3ginj0rp2nyb67s7sy5wxmr0r-python3.12-yq-3.4.3"
        }
      }
    }
  }
}
